
Microsoft Visual Studio Solution File, Format Version 12.00
# Visual Studio Version 16
VisualStudioVersion = 16.0.29009.5
MinimumVisualStudioVersion = 10.0.40219.1
Project("{FAE04EC0-301F-11D3-BF4B-00C04F79EFBC}") = "Agora", "Agora\Agora.csproj", "{135C3342-B0F7-4051-BF6C-9CEBCFED1ADF}"
EndProject
Global
	GlobalSection(SolutionConfigurationPlatforms) = preSolution
		Debug|Any CPU = Debug|Any CPU
		Release|Any CPU = Release|Any CPU
	EndGlobalSection
	GlobalSection(ProjectConfigurationPlatforms) = postSolution
		{135C3342-B0F7-4051-BF6C-9CEBCFED1ADF}.Debug|Any CPU.ActiveCfg = Debug|Any CPU
		{135C3342-B0F7-4051-BF6C-9CEBCFED1ADF}.Debug|Any CPU.Build.0 = Debug|Any CPU
		{135C3342-B0F7-4051-BF6C-9CEBCFED1ADF}.Release|Any CPU.ActiveCfg = Release|Any CPU
		{135C3342-B0F7-4051-BF6C-9CEBCFED1ADF}.Release|Any CPU.Build.0 = Release|Any CPU
	EndGlobalSection
	GlobalSection(SolutionProperties) = preSolution
		HideSolutionNode = FALSE
	EndGlobalSection
	GlobalSection(ExtensibilityGlobals) = postSolution
		SolutionGuid = {A30FBA30-26D7-4A6E-B20E-161B3A72861F}
	EndGlobalSection
EndGlobal
